
Microsoft Visual Studio Solution File, Format Version 10.00
# Visual Studio 2008
Project("{FAE04EC0-301F-11D3-BF4B-00C04F79EFBC}") = "DecemberAccessProvider", "DecemberAccessProvider\DecemberAccessProvider.csproj", "{16E0DDA5-1895-43C0-AAF3-EA57C1D3BF48}"
EndProject
Project("{FAE04EC0-301F-11D3-BF4B-00C04F79EFBC}") = "DecWebTestSite", "DecWebTestSite\DecWebTestSite.csproj", "{A99125CD-C465-4FF8-B63D-961EBF20D3A5}"
EndProject
Global
	GlobalSection(SolutionConfigurationPlatforms) = preSolution
		Debug|Any CPU = Debug|Any CPU
		Release|Any CPU = Release|Any CPU
	EndGlobalSection
	GlobalSection(ProjectConfigurationPlatforms) = postSolution
		{16E0DDA5-1895-43C0-AAF3-EA57C1D3BF48}.Debug|Any CPU.ActiveCfg = Debug|Any CPU
		{16E0DDA5-1895-43C0-AAF3-EA57C1D3BF48}.Debug|Any CPU.Build.0 = Debug|Any CPU
		{16E0DDA5-1895-43C0-AAF3-EA57C1D3BF48}.Release|Any CPU.ActiveCfg = Release|Any CPU
		{16E0DDA5-1895-43C0-AAF3-EA57C1D3BF48}.Release|Any CPU.Build.0 = Release|Any CPU
		{A99125CD-C465-4FF8-B63D-961EBF20D3A5}.Debug|Any CPU.ActiveCfg = Debug|Any CPU
		{A99125CD-C465-4FF8-B63D-961EBF20D3A5}.Debug|Any CPU.Build.0 = Debug|Any CPU
		{A99125CD-C465-4FF8-B63D-961EBF20D3A5}.Release|Any CPU.ActiveCfg = Release|Any CPU
		{A99125CD-C465-4FF8-B63D-961EBF20D3A5}.Release|Any CPU.Build.0 = Release|Any CPU
	EndGlobalSection
	GlobalSection(SolutionProperties) = preSolution
		HideSolutionNode = FALSE
	EndGlobalSection
EndGlobal
